
Microsoft Visual Studio Solution File, Format Version 12.00
# Visual Studio 15
VisualStudioVersion = 15.0.28307.438
MinimumVisualStudioVersion = 10.0.40219.1
Project("{FAE04EC0-301F-11D3-BF4B-00C04F79EFBC}") = "Primer5", "Primer5\Primer5.csproj", "{2CC84B36-F95C-446D-AE94-1C3D1F499F4C}"
EndProject
Global
	GlobalSection(SolutionConfigurationPlatforms) = preSolution
		Debug|Any CPU = Debug|Any CPU
		Release|Any CPU = Release|Any CPU
	EndGlobalSection
	GlobalSection(ProjectConfigurationPlatforms) = postSolution
		{2CC84B36-F95C-446D-AE94-1C3D1F499F4C}.Debug|Any CPU.ActiveCfg = Debug|Any CPU
		{2CC84B36-F95C-446D-AE94-1C3D1F499F4C}.Debug|Any CPU.Build.0 = Debug|Any CPU
		{2CC84B36-F95C-446D-AE94-1C3D1F499F4C}.Release|Any CPU.ActiveCfg = Release|Any CPU
		{2CC84B36-F95C-446D-AE94-1C3D1F499F4C}.Release|Any CPU.Build.0 = Release|Any CPU
	EndGlobalSection
	GlobalSection(SolutionProperties) = preSolution
		HideSolutionNode = FALSE
	EndGlobalSection
	GlobalSection(ExtensibilityGlobals) = postSolution
		SolutionGuid = {A52E8F5D-F1E2-4EAF-B71C-D2CE31E18464}
	EndGlobalSection
EndGlobal
